{
  "name": "pitty",
  "version": "0.1.0",
  "lockfileVersion": 3,
  "requires": true,
  "packages": {
    "": {
      "name": "pitty",
      "version": "0.1.0",
      "license": "MIT",
      "bin": {
        "pitty": "pitty.js"
      },
      "engines": {
        "node": ">=18"
      }
    }
  }
}
